// !$*UTF8*$!
{
	archiveVersion = 1;
	classes = {
	};
	objectVersion = 46;
	objects = {

/* Begin PBXBuildFile section */
		AEFD466A1DD6C20A00FD007F /* AppDelegate.swift in Sources */ = {isa = PBXBuildFile; fileRef = AEFD46691DD6C20A00FD007F /* AppDelegate.swift */; };
		AEFD46711DD6C20A00FD007F /* Assets.xcassets in Resources */ = {isa = PBXBuildFile; fileRef = AEFD46701DD6C20A00FD007F /* Assets.xcassets */; };
		AEFD46B31DD6CADD00FD007F /* .gitkeep in Resources */ = {isa = PBXBuildFile; fileRef = AEFD46921DD6CADD00FD007F /* .gitkeep */; };
		AEFD46B41DD6CADD00FD007F /* .gitkeep in Resources */ = {isa = PBXBuildFile; fileRef = AEFD46941DD6CADD00FD007F /* .gitkeep */; };
		AEFD46B51DD6CADD00FD007F /* .gitkeep in Resources */ = {isa = PBXBuildFile; fileRef = AEFD46961DD6CADD00FD007F /* .gitkeep */; };
		AEFD46B61DD6CADD00FD007F /* .gitkeep in Resources */ = {isa = PBXBuildFile; fileRef = AEFD469A1DD6CADD00FD007F /* .gitkeep */; };
		AEFD46B71DD6CADD00FD007F /* .gitkeep in Resources */ = {isa = PBXBuildFile; fileRef = AEFD469C1DD6CADD00FD007F /* .gitkeep */; };
		AEFD46B81DD6CADD00FD007F /* .gitkeep in Resources */ = {isa = PBXBuildFile; fileRef = AEFD469F1DD6CADD00FD007F /* .gitkeep */; };
		AEFD46B91DD6CADD00FD007F /* .gitkeep in Resources */ = {isa = PBXBuildFile; fileRef = AEFD46A11DD6CADD00FD007F /* .gitkeep */; };
		AEFD46BA1DD6CADD00FD007F /* .gitkeep in Resources */ = {isa = PBXBuildFile; fileRef = AEFD46A41DD6CADD00FD007F /* .gitkeep */; };
		AEFD46BB1DD6CADD00FD007F /* .gitkeep in Resources */ = {isa = PBXBuildFile; fileRef = AEFD46A61DD6CADD00FD007F /* .gitkeep */; };
		AEFD46BC1DD6CADD00FD007F /* .gitkeep in Resources */ = {isa = PBXBuildFile; fileRef = AEFD46A91DD6CADD00FD007F /* .gitkeep */; };
		AEFD46BD1DD6CADD00FD007F /* .gitkeep in Resources */ = {isa = PBXBuildFile; fileRef = AEFD46AB1DD6CADD00FD007F /* .gitkeep */; };
		AEFD46BE1DD6CADD00FD007F /* .gitkeep in Resources */ = {isa = PBXBuildFile; fileRef = AEFD46AE1DD6CADD00FD007F /* .gitkeep */; };
		AEFD46BF1DD6CADD00FD007F /* .gitkeep in Resources */ = {isa = PBXBuildFile; fileRef = AEFD46B01DD6CADD00FD007F /* .gitkeep */; };
		AEFD46C01DD6CADD00FD007F /* .gitkeep in Resources */ = {isa = PBXBuildFile; fileRef = AEFD46B21DD6CADD00FD007F /* .gitkeep */; };
		AEFD46C21DD6F3D600FD007F /* HMTabBarController.swift in Sources */ = {isa = PBXBuildFile; fileRef = AEFD46C11DD6F3D600FD007F /* HMTabBarController.swift */; };
		AEFD46C41DD6F3ED00FD007F /* HMHomeTableViewController.swift in Sources */ = {isa = PBXBuildFile; fileRef = AEFD46C31DD6F3ED00FD007F /* HMHomeTableViewController.swift */; };
		AEFD46C61DD6F3FA00FD007F /* HMDiscoverTableViewController.swift in Sources */ = {isa = PBXBuildFile; fileRef = AEFD46C51DD6F3FA00FD007F /* HMDiscoverTableViewController.swift */; };
		AEFD46C81DD6F40700FD007F /* HMMessageTableViewController.swift in Sources */ = {isa = PBXBuildFile; fileRef = AEFD46C71DD6F40700FD007F /* HMMessageTableViewController.swift */; };
		AEFD46CA1DD6F42A00FD007F /* HMProfileTableViewController.swift in Sources */ = {isa = PBXBuildFile; fileRef = AEFD46C91DD6F42A00FD007F /* HMProfileTableViewController.swift */; };
		AEFD46CC1DD6FB5F00FD007F /* HMTabBar.swift in Sources */ = {isa = PBXBuildFile; fileRef = AEFD46CB1DD6FB5F00FD007F /* HMTabBar.swift */; };
/* End PBXBuildFile section */

/* Begin PBXFileReference section */
		AEFD46661DD6C20A00FD007F /* Weibo2.app */ = {isa = PBXFileReference; explicitFileType = wrapper.application; includeInIndex = 0; path = Weibo2.app; sourceTree = BUILT_PRODUCTS_DIR; };
		AEFD46691DD6C20A00FD007F /* AppDelegate.swift */ = {isa = PBXFileReference; lastKnownFileType = sourcecode.swift; path = AppDelegate.swift; sourceTree = "<group>"; };
		AEFD46701DD6C20A00FD007F /* Assets.xcassets */ = {isa = PBXFileReference; lastKnownFileType = folder.assetcatalog; path = Assets.xcassets; sourceTree = "<group>"; };
		AEFD46751DD6C20A00FD007F /* Info.plist */ = {isa = PBXFileReference; lastKnownFileType = text.plist.xml; path = Info.plist; sourceTree = "<group>"; };
		AEFD46921DD6CADD00FD007F /* .gitkeep */ = {isa = PBXFileReference; fileEncoding = 4; lastKnownFileType = text; path = .gitkeep; sourceTree = "<group>"; };
		AEFD46941DD6CADD00FD007F /* .gitkeep */ = {isa = PBXFileReference; fileEncoding = 4; lastKnownFileType = text; path = .gitkeep; sourceTree = "<group>"; };
		AEFD46961DD6CADD00FD007F /* .gitkeep */ = {isa = PBXFileReference; fileEncoding = 4; lastKnownFileType = text; path = .gitkeep; sourceTree = "<group>"; };
		AEFD469A1DD6CADD00FD007F /* .gitkeep */ = {isa = PBXFileReference; fileEncoding = 4; lastKnownFileType = text; path = .gitkeep; sourceTree = "<group>"; };
		AEFD469C1DD6CADD00FD007F /* .gitkeep */ = {isa = PBXFileReference; fileEncoding = 4; lastKnownFileType = text; path = .gitkeep; sourceTree = "<group>"; };
		AEFD469F1DD6CADD00FD007F /* .gitkeep */ = {isa = PBXFileReference; fileEncoding = 4; lastKnownFileType = text; path = .gitkeep; sourceTree = "<group>"; };
		AEFD46A11DD6CADD00FD007F /* .gitkeep */ = {isa = PBXFileReference; fileEncoding = 4; lastKnownFileType = text; path = .gitkeep; sourceTree = "<group>"; };
		AEFD46A41DD6CADD00FD007F /* .gitkeep */ = {isa = PBXFileReference; fileEncoding = 4; lastKnownFileType = text; path = .gitkeep; sourceTree = "<group>"; };
		AEFD46A61DD6CADD00FD007F /* .gitkeep */ = {isa = PBXFileReference; fileEncoding = 4; lastKnownFileType = text; path = .gitkeep; sourceTree = "<group>"; };
		AEFD46A91DD6CADD00FD007F /* .gitkeep */ = {isa = PBXFileReference; fileEncoding = 4; lastKnownFileType = text; path = .gitkeep; sourceTree = "<group>"; };
		AEFD46AB1DD6CADD00FD007F /* .gitkeep */ = {isa = PBXFileReference; fileEncoding = 4; lastKnownFileType = text; path = .gitkeep; sourceTree = "<group>"; };
		AEFD46AE1DD6CADD00FD007F /* .gitkeep */ = {isa = PBXFileReference; fileEncoding = 4; lastKnownFileType = text; path = .gitkeep; sourceTree = "<group>"; };
		AEFD46B01DD6CADD00FD007F /* .gitkeep */ = {isa = PBXFileReference; fileEncoding = 4; lastKnownFileType = text; path = .gitkeep; sourceTree = "<group>"; };
		AEFD46B21DD6CADD00FD007F /* .gitkeep */ = {isa = PBXFileReference; fileEncoding = 4; lastKnownFileType = text; path = .gitkeep; sourceTree = "<group>"; };
		AEFD46C11DD6F3D600FD007F /* HMTabBarController.swift */ = {isa = PBXFileReference; fileEncoding = 4; lastKnownFileType = sourcecode.swift; path = HMTabBarController.swift; sourceTree = "<group>"; };
		AEFD46C31DD6F3ED00FD007F /* HMHomeTableViewController.swift */ = {isa = PBXFileReference; fileEncoding = 4; lastKnownFileType = sourcecode.swift; path = HMHomeTableViewController.swift; sourceTree = "<group>"; };
		AEFD46C51DD6F3FA00FD007F /* HMDiscoverTableViewController.swift */ = {isa = PBXFileReference; fileEncoding = 4; lastKnownFileType = sourcecode.swift; path = HMDiscoverTableViewController.swift; sourceTree = "<group>"; };
		AEFD46C71DD6F40700FD007F /* HMMessageTableViewController.swift */ = {isa = PBXFileReference; fileEncoding = 4; lastKnownFileType = sourcecode.swift; path = HMMessageTableViewController.swift; sourceTree = "<group>"; };
		AEFD46C91DD6F42A00FD007F /* HMProfileTableViewController.swift */ = {isa = PBXFileReference; fileEncoding = 4; lastKnownFileType = sourcecode.swift; path = HMProfileTableViewController.swift; sourceTree = "<group>"; };
		AEFD46CB1DD6FB5F00FD007F /* HMTabBar.swift */ = {isa = PBXFileReference; fileEncoding = 4; lastKnownFileType = sourcecode.swift; path = HMTabBar.swift; sourceTree = "<group>"; };
/* End PBXFileReference section */

/* Begin PBXFrameworksBuildPhase section */
		AEFD46631DD6C20A00FD007F /* Frameworks */ = {
			isa = PBXFrameworksBuildPhase;
			buildActionMask = 2147483647;
			files = (
			);
			runOnlyForDeploymentPostprocessing = 0;
		};
/* End PBXFrameworksBuildPhase section */

/* Begin PBXGroup section */
		AEFD465D1DD6C20A00FD007F = {
			isa = PBXGroup;
			children = (
				AEFD46681DD6C20A00FD007F /* Weibo2 */,
				AEFD46671DD6C20A00FD007F /* Products */,
			);
			sourceTree = "<group>";
		};
		AEFD46671DD6C20A00FD007F /* Products */ = {
			isa = PBXGroup;
			children = (
				AEFD46661DD6C20A00FD007F /* Weibo2.app */,
			);
			name = Products;
			sourceTree = "<group>";
		};
		AEFD46681DD6C20A00FD007F /* Weibo2 */ = {
			isa = PBXGroup;
			children = (
				AEFD46901DD6CADD00FD007F /* Classes */,
				AEFD46691DD6C20A00FD007F /* AppDelegate.swift */,
				AEFD46701DD6C20A00FD007F /* Assets.xcassets */,
				AEFD46751DD6C20A00FD007F /* Info.plist */,
			);
			path = Weibo2;
			sourceTree = "<group>";
		};
		AEFD46901DD6CADD00FD007F /* Classes */ = {
			isa = PBXGroup;
			children = (
				AEFD46911DD6CADD00FD007F /* Model */,
				AEFD46931DD6CADD00FD007F /* Other */,
				AEFD46951DD6CADD00FD007F /* Tools */,
				AEFD46971DD6CADD00FD007F /* View */,
				AEFD46B11DD6CADD00FD007F /* ViewModel */,
			);
			path = Classes;
			sourceTree = "<group>";
		};
		AEFD46911DD6CADD00FD007F /* Model */ = {
			isa = PBXGroup;
			children = (
				AEFD46921DD6CADD00FD007F /* .gitkeep */,
			);
			path = Model;
			sourceTree = "<group>";
		};
		AEFD46931DD6CADD00FD007F /* Other */ = {
			isa = PBXGroup;
			children = (
				AEFD46941DD6CADD00FD007F /* .gitkeep */,
			);
			path = Other;
			sourceTree = "<group>";
		};
		AEFD46951DD6CADD00FD007F /* Tools */ = {
			isa = PBXGroup;
			children = (
				AEFD46961DD6CADD00FD007F /* .gitkeep */,
			);
			path = Tools;
			sourceTree = "<group>";
		};
		AEFD46971DD6CADD00FD007F /* View */ = {
			isa = PBXGroup;
			children = (
				AEFD46A21DD6CADD00FD007F /* Main */,
				AEFD469D1DD6CADD00FD007F /* Home */,
				AEFD46981DD6CADD00FD007F /* Discover */,
				AEFD46A71DD6CADD00FD007F /* Message */,
				AEFD46AC1DD6CADD00FD007F /* Profile */,
			);
			path = View;
			sourceTree = "<group>";
		};
		AEFD46981DD6CADD00FD007F /* Discover */ = {
			isa = PBXGroup;
			children = (
				AEFD46991DD6CADD00FD007F /* Controller */,
				AEFD469B1DD6CADD00FD007F /* View */,
			);
			path = Discover;
			sourceTree = "<group>";
		};
		AEFD46991DD6CADD00FD007F /* Controller */ = {
			isa = PBXGroup;
			children = (
				AEFD469A1DD6CADD00FD007F /* .gitkeep */,
				AEFD46C51DD6F3FA00FD007F /* HMDiscoverTableViewController.swift */,
			);
			path = Controller;
			sourceTree = "<group>";
		};
		AEFD469B1DD6CADD00FD007F /* View */ = {
			isa = PBXGroup;
			children = (
				AEFD469C1DD6CADD00FD007F /* .gitkeep */,
			);
			path = View;
			sourceTree = "<group>";
		};
		AEFD469D1DD6CADD00FD007F /* Home */ = {
			isa = PBXGroup;
			children = (
				AEFD469E1DD6CADD00FD007F /* Controller */,
				AEFD46A01DD6CADD00FD007F /* View */,
			);
			path = Home;
			sourceTree = "<group>";
		};
		AEFD469E1DD6CADD00FD007F /* Controller */ = {
			isa = PBXGroup;
			children = (
				AEFD469F1DD6CADD00FD007F /* .gitkeep */,
				AEFD46C31DD6F3ED00FD007F /* HMHomeTableViewController.swift */,
			);
			path = Controller;
			sourceTree = "<group>";
		};
		AEFD46A01DD6CADD00FD007F /* View */ = {
			isa = PBXGroup;
			children = (
				AEFD46A11DD6CADD00FD007F /* .gitkeep */,
			);
			path = View;
			sourceTree = "<group>";
		};
		AEFD46A21DD6CADD00FD007F /* Main */ = {
			isa = PBXGroup;
			children = (
				AEFD46A31DD6CADD00FD007F /* Controller */,
				AEFD46A51DD6CADD00FD007F /* View */,
			);
			path = Main;
			sourceTree = "<group>";
		};
		AEFD46A31DD6CADD00FD007F /* Controller */ = {
			isa = PBXGroup;
			children = (
				AEFD46A41DD6CADD00FD007F /* .gitkeep */,
				AEFD46C11DD6F3D600FD007F /* HMTabBarController.swift */,
			);
			path = Controller;
			sourceTree = "<group>";
		};
		AEFD46A51DD6CADD00FD007F /* View */ = {
			isa = PBXGroup;
			children = (
				AEFD46A61DD6CADD00FD007F /* .gitkeep */,
				AEFD46CB1DD6FB5F00FD007F /* HMTabBar.swift */,
			);
			path = View;
			sourceTree = "<group>";
		};
		AEFD46A71DD6CADD00FD007F /* Message */ = {
			isa = PBXGroup;
			children = (
				AEFD46A81DD6CADD00FD007F /* Controller */,
				AEFD46AA1DD6CADD00FD007F /* View */,
			);
			path = Message;
			sourceTree = "<group>";
		};
		AEFD46A81DD6CADD00FD007F /* Controller */ = {
			isa = PBXGroup;
			children = (
				AEFD46A91DD6CADD00FD007F /* .gitkeep */,
				AEFD46C71DD6F40700FD007F /* HMMessageTableViewController.swift */,
			);
			path = Controller;
			sourceTree = "<group>";
		};
		AEFD46AA1DD6CADD00FD007F /* View */ = {
			isa = PBXGroup;
			children = (
				AEFD46AB1DD6CADD00FD007F /* .gitkeep */,
			);
			path = View;
			sourceTree = "<group>";
		};
		AEFD46AC1DD6CADD00FD007F /* Profile */ = {
			isa = PBXGroup;
			children = (
				AEFD46AD1DD6CADD00FD007F /* Controller */,
				AEFD46AF1DD6CADD00FD007F /* View */,
			);
			path = Profile;
			sourceTree = "<group>";
		};
		AEFD46AD1DD6CADD00FD007F /* Controller */ = {
			isa = PBXGroup;
			children = (
				AEFD46AE1DD6CADD00FD007F /* .gitkeep */,
				AEFD46C91DD6F42A00FD007F /* HMProfileTableViewController.swift */,
			);
			path = Controller;
			sourceTree = "<group>";
		};
		AEFD46AF1DD6CADD00FD007F /* View */ = {
			isa = PBXGroup;
			children = (
				AEFD46B01DD6CADD00FD007F /* .gitkeep */,
			);
			path = View;
			sourceTree = "<group>";
		};
		AEFD46B11DD6CADD00FD007F /* ViewModel */ = {
			isa = PBXGroup;
			children = (
				AEFD46B21DD6CADD00FD007F /* .gitkeep */,
			);
			path = ViewModel;
			sourceTree = "<group>";
		};
/* End PBXGroup section */

/* Begin PBXNativeTarget section */
		AEFD46651DD6C20A00FD007F /* Weibo2 */ = {
			isa = PBXNativeTarget;
			buildConfigurationList = AEFD46781DD6C20A00FD007F /* Build configuration list for PBXNativeTarget "Weibo2" */;
			buildPhases = (
				AEFD46621DD6C20A00FD007F /* Sources */,
				AEFD46631DD6C20A00FD007F /* Frameworks */,
				AEFD46641DD6C20A00FD007F /* Resources */,
			);
			buildRules = (
			);
			dependencies = (
			);
			name = Weibo2;
			productName = Weibo2;
			productReference = AEFD46661DD6C20A00FD007F /* Weibo2.app */;
			productType = "com.apple.product-type.application";
		};
/* End PBXNativeTarget section */

/* Begin PBXProject section */
		AEFD465E1DD6C20A00FD007F /* Project object */ = {
			isa = PBXProject;
			attributes = {
				CLASSPREFIX = HM;
				LastSwiftUpdateCheck = 0810;
				LastUpgradeCheck = 0810;
				ORGANIZATIONNAME = itcast;
				TargetAttributes = {
					AEFD46651DD6C20A00FD007F = {
						CreatedOnToolsVersion = 8.1;
						ProvisioningStyle = Automatic;
					};
				};
			};
			buildConfigurationList = AEFD46611DD6C20A00FD007F /* Build configuration list for PBXProject "Weibo2" */;
			compatibilityVersion = "Xcode 3.2";
			developmentRegion = English;
			hasScannedForEncodings = 0;
			knownRegions = (
				en,
				Base,
			);
			mainGroup = AEFD465D1DD6C20A00FD007F;
			productRefGroup = AEFD46671DD6C20A00FD007F /* Products */;
			projectDirPath = "";
			projectRoot = "";
			targets = (
				AEFD46651DD6C20A00FD007F /* Weibo2 */,
			);
		};
/* End PBXProject section */

/* Begin PBXResourcesBuildPhase section */
		AEFD46641DD6C20A00FD007F /* Resources */ = {
			isa = PBXResourcesBuildPhase;
			buildActionMask = 2147483647;
			files = (
				AEFD46B41DD6CADD00FD007F /* .gitkeep in Resources */,
				AEFD46711DD6C20A00FD007F /* Assets.xcassets in Resources */,
				AEFD46BC1DD6CADD00FD007F /* .gitkeep in Resources */,
				AEFD46BD1DD6CADD00FD007F /* .gitkeep in Resources */,
				AEFD46B61DD6CADD00FD007F /* .gitkeep in Resources */,
				AEFD46BA1DD6CADD00FD007F /* .gitkeep in Resources */,
				AEFD46B71DD6CADD00FD007F /* .gitkeep in Resources */,
				AEFD46B31DD6CADD00FD007F /* .gitkeep in Resources */,
				AEFD46BE1DD6CADD00FD007F /* .gitkeep in Resources */,
				AEFD46B51DD6CADD00FD007F /* .gitkeep in Resources */,
				AEFD46BB1DD6CADD00FD007F /* .gitkeep in Resources */,
				AEFD46B81DD6CADD00FD007F /* .gitkeep in Resources */,
				AEFD46C01DD6CADD00FD007F /* .gitkeep in Resources */,
				AEFD46B91DD6CADD00FD007F /* .gitkeep in Resources */,
				AEFD46BF1DD6CADD00FD007F /* .gitkeep in Resources */,
			);
			runOnlyForDeploymentPostprocessing = 0;
		};
/* End PBXResourcesBuildPhase section */

/* Begin PBXSourcesBuildPhase section */
		AEFD46621DD6C20A00FD007F /* Sources */ = {
			isa = PBXSourcesBuildPhase;
			buildActionMask = 2147483647;
			files = (
				AEFD46C21DD6F3D600FD007F /* HMTabBarController.swift in Sources */,
				AEFD46C81DD6F40700FD007F /* HMMessageTableViewController.swift in Sources */,
				AEFD466A1DD6C20A00FD007F /* AppDelegate.swift in Sources */,
				AEFD46CA1DD6F42A00FD007F /* HMProfileTableViewController.swift in Sources */,
				AEFD46C41DD6F3ED00FD007F /* HMHomeTableViewController.swift in Sources */,
				AEFD46C61DD6F3FA00FD007F /* HMDiscoverTableViewController.swift in Sources */,
				AEFD46CC1DD6FB5F00FD007F /* HMTabBar.swift in Sources */,
			);
			runOnlyForDeploymentPostprocessing = 0;
		};
/* End PBXSourcesBuildPhase section */

/* Begin XCBuildConfiguration section */
		AEFD46761DD6C20A00FD007F /* Debug */ = {
			isa = XCBuildConfiguration;
			buildSettings = {
				ALWAYS_SEARCH_USER_PATHS = NO;
				CLANG_ANALYZER_NONNULL = YES;
				CLANG_CXX_LANGUAGE_STANDARD = "gnu++0x";
				CLANG_CXX_LIBRARY = "libc++";
				CLANG_ENABLE_MODULES = YES;
				CLANG_ENABLE_OBJC_ARC = YES;
				CLANG_WARN_BOOL_CONVERSION = YES;
				CLANG_WARN_CONSTANT_CONVERSION = YES;
				CLANG_WARN_DIRECT_OBJC_ISA_USAGE = YES_ERROR;
				CLANG_WARN_DOCUMENTATION_COMMENTS = YES;
				CLANG_WARN_EMPTY_BODY = YES;
				CLANG_WARN_ENUM_CONVERSION = YES;
				CLANG_WARN_INFINITE_RECURSION = YES;
				CLANG_WARN_INT_CONVERSION = YES;
				CLANG_WARN_OBJC_ROOT_CLASS = YES_ERROR;
				CLANG_WARN_SUSPICIOUS_MOVES = YES;
				CLANG_WARN_UNREACHABLE_CODE = YES;
				CLANG_WARN__DUPLICATE_METHOD_MATCH = YES;
				"CODE_SIGN_IDENTITY[sdk=iphoneos*]" = "iPhone Developer";
				COPY_PHASE_STRIP = NO;
				DEBUG_INFORMATION_FORMAT = dwarf;
				ENABLE_STRICT_OBJC_MSGSEND = YES;
				ENABLE_TESTABILITY = YES;
				GCC_C_LANGUAGE_STANDARD = gnu99;
				GCC_DYNAMIC_NO_PIC = NO;
				GCC_NO_COMMON_BLOCKS = YES;
				GCC_OPTIMIZATION_LEVEL = 0;
				GCC_PREPROCESSOR_DEFINITIONS = (
					"DEBUG=1",
					"$(inherited)",
				);
				GCC_WARN_64_TO_32_BIT_CONVERSION = YES;
				GCC_WARN_ABOUT_RETURN_TYPE = YES_ERROR;
				GCC_WARN_UNDECLARED_SELECTOR = YES;
				GCC_WARN_UNINITIALIZED_AUTOS = YES_AGGRESSIVE;
				GCC_WARN_UNUSED_FUNCTION = YES;
				GCC_WARN_UNUSED_VARIABLE = YES;
				IPHONEOS_DEPLOYMENT_TARGET = 10.1;
				MTL_ENABLE_DEBUG_INFO = YES;
				ONLY_ACTIVE_ARCH = YES;
				SDKROOT = iphoneos;
				SWIFT_ACTIVE_COMPILATION_CONDITIONS = DEBUG;
				SWIFT_OPTIMIZATION_LEVEL = "-Onone";
			};
			name = Debug;
		};
		AEFD46771DD6C20A00FD007F /* Release */ = {
			isa = XCBuildConfiguration;
			buildSettings = {
				ALWAYS_SEARCH_USER_PATHS = NO;
				CLANG_ANALYZER_NONNULL = YES;
				CLANG_CXX_LANGUAGE_STANDARD = "gnu++0x";
				CLANG_CXX_LIBRARY = "libc++";
				CLANG_ENABLE_MODULES = YES;
				CLANG_ENABLE_OBJC_ARC = YES;
				CLANG_WARN_BOOL_CONVERSION = YES;
				CLANG_WARN_CONSTANT_CONVERSION = YES;
				CLANG_WARN_DIRECT_OBJC_ISA_USAGE = YES_ERROR;
				CLANG_WARN_DOCUMENTATION_COMMENTS = YES;
				CLANG_WARN_EMPTY_BODY = YES;
				CLANG_WARN_ENUM_CONVERSION = YES;
				CLANG_WARN_INFINITE_RECURSION = YES;
				CLANG_WARN_INT_CONVERSION = YES;
				CLANG_WARN_OBJC_ROOT_CLASS = YES_ERROR;
				CLANG_WARN_SUSPICIOUS_MOVES = YES;
				CLANG_WARN_UNREACHABLE_CODE = YES;
				CLANG_WARN__DUPLICATE_METHOD_MATCH = YES;
				"CODE_SIGN_IDENTITY[sdk=iphoneos*]" = "iPhone Developer";
				COPY_PHASE_STRIP = NO;
				DEBUG_INFORMATION_FORMAT = "dwarf-with-dsym";
				ENABLE_NS_ASSERTIONS = NO;
				ENABLE_STRICT_OBJC_MSGSEND = YES;
				GCC_C_LANGUAGE_STANDARD = gnu99;
				GCC_NO_COMMON_BLOCKS = YES;
				GCC_WARN_64_TO_32_BIT_CONVERSION = YES;
				GCC_WARN_ABOUT_RETURN_TYPE = YES_ERROR;
				GCC_WARN_UNDECLARED_SELECTOR = YES;
				GCC_WARN_UNINITIALIZED_AUTOS = YES_AGGRESSIVE;
				GCC_WARN_UNUSED_FUNCTION = YES;
				GCC_WARN_UNUSED_VARIABLE = YES;
				IPHONEOS_DEPLOYMENT_TARGET = 10.1;
				MTL_ENABLE_DEBUG_INFO = NO;
				SDKROOT = iphoneos;
				SWIFT_OPTIMIZATION_LEVEL = "-Owholemodule";
				VALIDATE_PRODUCT = YES;
			};
			name = Release;
		};
		AEFD46791DD6C20A00FD007F /* Debug */ = {
			isa = XCBuildConfiguration;
			buildSettings = {
				ASSETCATALOG_COMPILER_APPICON_NAME = AppIcon;
				ASSETCATALOG_COMPILER_LAUNCHIMAGE_NAME = LaunchImage;
				INFOPLIST_FILE = Weibo2/Info.plist;
				IPHONEOS_DEPLOYMENT_TARGET = 10.0;
				LD_RUNPATH_SEARCH_PATHS = "$(inherited) @executable_path/Frameworks";
				PRODUCT_BUNDLE_IDENTIFIER = cn.itcast.ios.Weibo2;
				PRODUCT_NAME = "$(TARGET_NAME)";
				SWIFT_VERSION = 3.0;
			};
			name = Debug;
		};
		AEFD467A1DD6C20A00FD007F /* Release */ = {
			isa = XCBuildConfiguration;
			buildSettings = {
				ASSETCATALOG_COMPILER_APPICON_NAME = AppIcon;
				ASSETCATALOG_COMPILER_LAUNCHIMAGE_NAME = LaunchImage;
				INFOPLIST_FILE = Weibo2/Info.plist;
				IPHONEOS_DEPLOYMENT_TARGET = 10.0;
				LD_RUNPATH_SEARCH_PATHS = "$(inherited) @executable_path/Frameworks";
				PRODUCT_BUNDLE_IDENTIFIER = cn.itcast.ios.Weibo2;
				PRODUCT_NAME = "$(TARGET_NAME)";
				SWIFT_VERSION = 3.0;
			};
			name = Release;
		};
/* End XCBuildConfiguration section */

/* Begin XCConfigurationList section */
		AEFD46611DD6C20A00FD007F /* Build configuration list for PBXProject "Weibo2" */ = {
			isa = XCConfigurationList;
			buildConfigurations = (
				AEFD46761DD6C20A00FD007F /* Debug */,
				AEFD46771DD6C20A00FD007F /* Release */,
			);
			defaultConfigurationIsVisible = 0;
			defaultConfigurationName = Release;
		};
		AEFD46781DD6C20A00FD007F /* Build configuration list for PBXNativeTarget "Weibo2" */ = {
			isa = XCConfigurationList;
			buildConfigurations = (
				AEFD46791DD6C20A00FD007F /* Debug */,
				AEFD467A1DD6C20A00FD007F /* Release */,
			);
			defaultConfigurationIsVisible = 0;
			defaultConfigurationName = Release;
		};
/* End XCConfigurationList section */
	};
	rootObject = AEFD465E1DD6C20A00FD007F /* Project object */;
}
