// !$*UTF8*$!
{
	archiveVersion = 1;
	classes = {
	};
	objectVersion = 46;
	objects = {

/* Begin PBXBuildFile section */
		AEFD466A1DD6C20A00FD007F /* AppDelegate.swift in Sources */ = {isa = PBXBuildFile; fileRef = AEFD46691DD6C20A00FD007F /* AppDelegate.swift */; };
		AEFD466C1DD6C20A00FD007F /* ViewController.swift in Sources */ = {isa = PBXBuildFile; fileRef = AEFD466B1DD6C20A00FD007F /* ViewController.swift */; };
		AEFD466F1DD6C20A00FD007F /* Main.storyboard in Resources */ = {isa = PBXBuildFile; fileRef = AEFD466D1DD6C20A00FD007F /* Main.storyboard */; };
		AEFD46711DD6C20A00FD007F /* Assets.xcassets in Resources */ = {isa = PBXBuildFile; fileRef = AEFD46701DD6C20A00FD007F /* Assets.xcassets */; };
		AEFD46741DD6C20A00FD007F /* LaunchScreen.storyboard in Resources */ = {isa = PBXBuildFile; fileRef = AEFD46721DD6C20A00FD007F /* LaunchScreen.storyboard */; };
/* End PBXBuildFile section */

/* Begin PBXFileReference section */
		AEFD46661DD6C20A00FD007F /* Weibo2.app */ = {isa = PBXFileReference; explicitFileType = wrapper.application; includeInIndex = 0; path = Weibo2.app; sourceTree = BUILT_PRODUCTS_DIR; };
		AEFD46691DD6C20A00FD007F /* AppDelegate.swift */ = {isa = PBXFileReference; lastKnownFileType = sourcecode.swift; path = AppDelegate.swift; sourceTree = "<group>"; };
		AEFD466B1DD6C20A00FD007F /* ViewController.swift */ = {isa = PBXFileReference; lastKnownFileType = sourcecode.swift; path = ViewController.swift; sourceTree = "<group>"; };
		AEFD466E1DD6C20A00FD007F /* Base */ = {isa = PBXFileReference; lastKnownFileType = file.storyboard; name = Base; path = Base.lproj/Main.storyboard; sourceTree = "<group>"; };
		AEFD46701DD6C20A00FD007F /* Assets.xcassets */ = {isa = PBXFileReference; lastKnownFileType = folder.assetcatalog; path = Assets.xcassets; sourceTree = "<group>"; };
		AEFD46731DD6C20A00FD007F /* Base */ = {isa = PBXFileReference; lastKnownFileType = file.storyboard; name = Base; path = Base.lproj/LaunchScreen.storyboard; sourceTree = "<group>"; };
		AEFD46751DD6C20A00FD007F /* Info.plist */ = {isa = PBXFileReference; lastKnownFileType = text.plist.xml; path = Info.plist; sourceTree = "<group>"; };
/* End PBXFileReference section */

/* Begin PBXFrameworksBuildPhase section */
		AEFD46631DD6C20A00FD007F /* Frameworks */ = {
			isa = PBXFrameworksBuildPhase;
			buildActionMask = 2147483647;
			files = (
			);
			runOnlyForDeploymentPostprocessing = 0;
		};
/* End PBXFrameworksBuildPhase section */

/* Begin PBXGroup section */
		AEFD465D1DD6C20A00FD007F = {
			isa = PBXGroup;
			children = (
				AEFD46681DD6C20A00FD007F /* Weibo2 */,
				AEFD46671DD6C20A00FD007F /* Products */,
			);
			sourceTree = "<group>";
		};
		AEFD46671DD6C20A00FD007F /* Products */ = {
			isa = PBXGroup;
			children = (
				AEFD46661DD6C20A00FD007F /* Weibo2.app */,
			);
			name = Products;
			sourceTree = "<group>";
		};
		AEFD46681DD6C20A00FD007F /* Weibo2 */ = {
			isa = PBXGroup;
			children = (
				AEFD46691DD6C20A00FD007F /* AppDelegate.swift */,
				AEFD466B1DD6C20A00FD007F /* ViewController.swift */,
				AEFD466D1DD6C20A00FD007F /* Main.storyboard */,
				AEFD46701DD6C20A00FD007F /* Assets.xcassets */,
				AEFD46721DD6C20A00FD007F /* LaunchScreen.storyboard */,
				AEFD46751DD6C20A00FD007F /* Info.plist */,
			);
			path = Weibo2;
			sourceTree = "<group>";
		};
/* End PBXGroup section */

/* Begin PBXNativeTarget section */
		AEFD46651DD6C20A00FD007F /* Weibo2 */ = {
			isa = PBXNativeTarget;
			buildConfigurationList = AEFD46781DD6C20A00FD007F /* Build configuration list for PBXNativeTarget "Weibo2" */;
			buildPhases = (
				AEFD46621DD6C20A00FD007F /* Sources */,
				AEFD46631DD6C20A00FD007F /* Frameworks */,
				AEFD46641DD6C20A00FD007F /* Resources */,
			);
			buildRules = (
			);
			dependencies = (
			);
			name = Weibo2;
			productName = Weibo2;
			productReference = AEFD46661DD6C20A00FD007F /* Weibo2.app */;
			productType = "com.apple.product-type.application";
		};
/* End PBXNativeTarget section */

/* Begin PBXProject section */
		AEFD465E1DD6C20A00FD007F /* Project object */ = {
			isa = PBXProject;
			attributes = {
				LastSwiftUpdateCheck = 0810;
				LastUpgradeCheck = 0810;
				ORGANIZATIONNAME = itcast;
				TargetAttributes = {
					AEFD46651DD6C20A00FD007F = {
						CreatedOnToolsVersion = 8.1;
						ProvisioningStyle = Automatic;
					};
				};
			};
			buildConfigurationList = AEFD46611DD6C20A00FD007F /* Build configuration list for PBXProject "Weibo2" */;
			compatibilityVersion = "Xcode 3.2";
			developmentRegion = English;
			hasScannedForEncodings = 0;
			knownRegions = (
				en,
				Base,
			);
			mainGroup = AEFD465D1DD6C20A00FD007F;
			productRefGroup = AEFD46671DD6C20A00FD007F /* Products */;
			projectDirPath = "";
			projectRoot = "";
			targets = (
				AEFD46651DD6C20A00FD007F /* Weibo2 */,
			);
		};
/* End PBXProject section */

/* Begin PBXResourcesBuildPhase section */
		AEFD46641DD6C20A00FD007F /* Resources */ = {
			isa = PBXResourcesBuildPhase;
			buildActionMask = 2147483647;
			files = (
				AEFD46741DD6C20A00FD007F /* LaunchScreen.storyboard in Resources */,
				AEFD46711DD6C20A00FD007F /* Assets.xcassets in Resources */,
				AEFD466F1DD6C20A00FD007F /* Main.storyboard in Resources */,
			);
			runOnlyForDeploymentPostprocessing = 0;
		};
/* End PBXResourcesBuildPhase section */

/* Begin PBXSourcesBuildPhase section */
		AEFD46621DD6C20A00FD007F /* Sources */ = {
			isa = PBXSourcesBuildPhase;
			buildActionMask = 2147483647;
			files = (
				AEFD466C1DD6C20A00FD007F /* ViewController.swift in Sources */,
				AEFD466A1DD6C20A00FD007F /* AppDelegate.swift in Sources */,
			);
			runOnlyForDeploymentPostprocessing = 0;
		};
/* End PBXSourcesBuildPhase section */

/* Begin PBXVariantGroup section */
		AEFD466D1DD6C20A00FD007F /* Main.storyboard */ = {
			isa = PBXVariantGroup;
			children = (
				AEFD466E1DD6C20A00FD007F /* Base */,
			);
			name = Main.storyboard;
			sourceTree = "<group>";
		};
		AEFD46721DD6C20A00FD007F /* LaunchScreen.storyboard */ = {
			isa = PBXVariantGroup;
			children = (
				AEFD46731DD6C20A00FD007F /* Base */,
			);
			name = LaunchScreen.storyboard;
			sourceTree = "<group>";
		};
/* End PBXVariantGroup section */

/* Begin XCBuildConfiguration section */
		AEFD46761DD6C20A00FD007F /* Debug */ = {
			isa = XCBuildConfiguration;
			buildSettings = {
				ALWAYS_SEARCH_USER_PATHS = NO;
				CLANG_ANALYZER_NONNULL = YES;
				CLANG_CXX_LANGUAGE_STANDARD = "gnu++0x";
				CLANG_CXX_LIBRARY = "libc++";
				CLANG_ENABLE_MODULES = YES;
				CLANG_ENABLE_OBJC_ARC = YES;
				CLANG_WARN_BOOL_CONVERSION = YES;
				CLANG_WARN_CONSTANT_CONVERSION = YES;
				CLANG_WARN_DIRECT_OBJC_ISA_USAGE = YES_ERROR;
				CLANG_WARN_DOCUMENTATION_COMMENTS = YES;
				CLANG_WARN_EMPTY_BODY = YES;
				CLANG_WARN_ENUM_CONVERSION = YES;
				CLANG_WARN_INFINITE_RECURSION = YES;
				CLANG_WARN_INT_CONVERSION = YES;
				CLANG_WARN_OBJC_ROOT_CLASS = YES_ERROR;
				CLANG_WARN_SUSPICIOUS_MOVES = YES;
				CLANG_WARN_UNREACHABLE_CODE = YES;
				CLANG_WARN__DUPLICATE_METHOD_MATCH = YES;
				"CODE_SIGN_IDENTITY[sdk=iphoneos*]" = "iPhone Developer";
				COPY_PHASE_STRIP = NO;
				DEBUG_INFORMATION_FORMAT = dwarf;
				ENABLE_STRICT_OBJC_MSGSEND = YES;
				ENABLE_TESTABILITY = YES;
				GCC_C_LANGUAGE_STANDARD = gnu99;
				GCC_DYNAMIC_NO_PIC = NO;
				GCC_NO_COMMON_BLOCKS = YES;
				GCC_OPTIMIZATION_LEVEL = 0;
				GCC_PREPROCESSOR_DEFINITIONS = (
					"DEBUG=1",
					"$(inherited)",
				);
				GCC_WARN_64_TO_32_BIT_CONVERSION = YES;
				GCC_WARN_ABOUT_RETURN_TYPE = YES_ERROR;
				GCC_WARN_UNDECLARED_SELECTOR = YES;
				GCC_WARN_UNINITIALIZED_AUTOS = YES_AGGRESSIVE;
				GCC_WARN_UNUSED_FUNCTION = YES;
				GCC_WARN_UNUSED_VARIABLE = YES;
				IPHONEOS_DEPLOYMENT_TARGET = 10.1;
				MTL_ENABLE_DEBUG_INFO = YES;
				ONLY_ACTIVE_ARCH = YES;
				SDKROOT = iphoneos;
				SWIFT_ACTIVE_COMPILATION_CONDITIONS = DEBUG;
				SWIFT_OPTIMIZATION_LEVEL = "-Onone";
			};
			name = Debug;
		};
		AEFD46771DD6C20A00FD007F /* Release */ = {
			isa = XCBuildConfiguration;
			buildSettings = {
				ALWAYS_SEARCH_USER_PATHS = NO;
				CLANG_ANALYZER_NONNULL = YES;
				CLANG_CXX_LANGUAGE_STANDARD = "gnu++0x";
				CLANG_CXX_LIBRARY = "libc++";
				CLANG_ENABLE_MODULES = YES;
				CLANG_ENABLE_OBJC_ARC = YES;
				CLANG_WARN_BOOL_CONVERSION = YES;
				CLANG_WARN_CONSTANT_CONVERSION = YES;
				CLANG_WARN_DIRECT_OBJC_ISA_USAGE = YES_ERROR;
				CLANG_WARN_DOCUMENTATION_COMMENTS = YES;
				CLANG_WARN_EMPTY_BODY = YES;
				CLANG_WARN_ENUM_CONVERSION = YES;
				CLANG_WARN_INFINITE_RECURSION = YES;
				CLANG_WARN_INT_CONVERSION = YES;
				CLANG_WARN_OBJC_ROOT_CLASS = YES_ERROR;
				CLANG_WARN_SUSPICIOUS_MOVES = YES;
				CLANG_WARN_UNREACHABLE_CODE = YES;
				CLANG_WARN__DUPLICATE_METHOD_MATCH = YES;
				"CODE_SIGN_IDENTITY[sdk=iphoneos*]" = "iPhone Developer";
				COPY_PHASE_STRIP = NO;
				DEBUG_INFORMATION_FORMAT = "dwarf-with-dsym";
				ENABLE_NS_ASSERTIONS = NO;
				ENABLE_STRICT_OBJC_MSGSEND = YES;
				GCC_C_LANGUAGE_STANDARD = gnu99;
				GCC_NO_COMMON_BLOCKS = YES;
				GCC_WARN_64_TO_32_BIT_CONVERSION = YES;
				GCC_WARN_ABOUT_RETURN_TYPE = YES_ERROR;
				GCC_WARN_UNDECLARED_SELECTOR = YES;
				GCC_WARN_UNINITIALIZED_AUTOS = YES_AGGRESSIVE;
				GCC_WARN_UNUSED_FUNCTION = YES;
				GCC_WARN_UNUSED_VARIABLE = YES;
				IPHONEOS_DEPLOYMENT_TARGET = 10.1;
				MTL_ENABLE_DEBUG_INFO = NO;
				SDKROOT = iphoneos;
				SWIFT_OPTIMIZATION_LEVEL = "-Owholemodule";
				VALIDATE_PRODUCT = YES;
			};
			name = Release;
		};
		AEFD46791DD6C20A00FD007F /* Debug */ = {
			isa = XCBuildConfiguration;
			buildSettings = {
				ASSETCATALOG_COMPILER_APPICON_NAME = AppIcon;
				INFOPLIST_FILE = Weibo2/Info.plist;
				LD_RUNPATH_SEARCH_PATHS = "$(inherited) @executable_path/Frameworks";
				PRODUCT_BUNDLE_IDENTIFIER = cn.itcast.ios.Weibo2;
				PRODUCT_NAME = "$(TARGET_NAME)";
				SWIFT_VERSION = 3.0;
			};
			name = Debug;
		};
		AEFD467A1DD6C20A00FD007F /* Release */ = {
			isa = XCBuildConfiguration;
			buildSettings = {
				ASSETCATALOG_COMPILER_APPICON_NAME = AppIcon;
				INFOPLIST_FILE = Weibo2/Info.plist;
				LD_RUNPATH_SEARCH_PATHS = "$(inherited) @executable_path/Frameworks";
				PRODUCT_BUNDLE_IDENTIFIER = cn.itcast.ios.Weibo2;
				PRODUCT_NAME = "$(TARGET_NAME)";
				SWIFT_VERSION = 3.0;
			};
			name = Release;
		};
/* End XCBuildConfiguration section */

/* Begin XCConfigurationList section */
		AEFD46611DD6C20A00FD007F /* Build configuration list for PBXProject "Weibo2" */ = {
			isa = XCConfigurationList;
			buildConfigurations = (
				AEFD46761DD6C20A00FD007F /* Debug */,
				AEFD46771DD6C20A00FD007F /* Release */,
			);
			defaultConfigurationIsVisible = 0;
			defaultConfigurationName = Release;
		};
		AEFD46781DD6C20A00FD007F /* Build configuration list for PBXNativeTarget "Weibo2" */ = {
			isa = XCConfigurationList;
			buildConfigurations = (
				AEFD46791DD6C20A00FD007F /* Debug */,
				AEFD467A1DD6C20A00FD007F /* Release */,
			);
			defaultConfigurationIsVisible = 0;
		};
/* End XCConfigurationList section */
	};
	rootObject = AEFD465E1DD6C20A00FD007F /* Project object */;
}
